
Microsoft Visual Studio Solution File, Format Version 12.00
# Visual Studio Version 17
VisualStudioVersion = 17.9.34728.123
MinimumVisualStudioVersion = 10.0.40219.1
Project("{FAE04EC0-301F-11D3-BF4B-00C04F79EFBC}") = "azure-appvs", "azure-appvs.csproj", "{9B175C03-E825-46C1-AC69-EC1D16406AE4}"
EndProject
Global
	GlobalSection(SolutionConfigurationPlatforms) = preSolution
		Debug|Any CPU = Debug|Any CPU
		Release|Any CPU = Release|Any CPU
	EndGlobalSection
	GlobalSection(ProjectConfigurationPlatforms) = postSolution
		{9B175C03-E825-46C1-AC69-EC1D16406AE4}.Debug|Any CPU.ActiveCfg = Debug|Any CPU
		{9B175C03-E825-46C1-AC69-EC1D16406AE4}.Debug|Any CPU.Build.0 = Debug|Any CPU
		{9B175C03-E825-46C1-AC69-EC1D16406AE4}.Release|Any CPU.ActiveCfg = Release|Any CPU
		{9B175C03-E825-46C1-AC69-EC1D16406AE4}.Release|Any CPU.Build.0 = Release|Any CPU
	EndGlobalSection
	GlobalSection(SolutionProperties) = preSolution
		HideSolutionNode = FALSE
	EndGlobalSection
	GlobalSection(ExtensibilityGlobals) = postSolution
		SolutionGuid = {6089C8C0-EB9E-4D35-A2B9-841C43D96DFC}
	EndGlobalSection
EndGlobal
